
Microsoft Visual Studio Solution File, Format Version 12.00
# Visual Studio Version 16
VisualStudioVersion = 16.0.30611.23
MinimumVisualStudioVersion = 10.0.40219.1
Project("{9A19103F-16F7-4668-BE54-9A1E7A4F7556}") = "ShareBooks.Web", "ShareBooks.Web\ShareBooks.Web.csproj", "{7CFBD1CB-1C7E-475F-BFC5-6B1FDC17FA85}"
EndProject
Project("{9A19103F-16F7-4668-BE54-9A1E7A4F7556}") = "ShareBooks.DataLayer", "ShareBooks.DataLayer\ShareBooks.DataLayer.csproj", "{3A014CA8-D38A-4E8F-A183-2978C64D0B7B}"
EndProject
Project("{9A19103F-16F7-4668-BE54-9A1E7A4F7556}") = "ShareBooks.Core", "ShareBooks.Core\ShareBooks.Core.csproj", "{6770AFAD-4182-43E4-A2CE-AA18EA7CB1F7}"
EndProject
Global
	GlobalSection(SolutionConfigurationPlatforms) = preSolution
		Debug|Any CPU = Debug|Any CPU
		Release|Any CPU = Release|Any CPU
	EndGlobalSection
	GlobalSection(ProjectConfigurationPlatforms) = postSolution
		{7CFBD1CB-1C7E-475F-BFC5-6B1FDC17FA85}.Debug|Any CPU.ActiveCfg = Debug|Any CPU
		{7CFBD1CB-1C7E-475F-BFC5-6B1FDC17FA85}.Debug|Any CPU.Build.0 = Debug|Any CPU
		{7CFBD1CB-1C7E-475F-BFC5-6B1FDC17FA85}.Release|Any CPU.ActiveCfg = Release|Any CPU
		{7CFBD1CB-1C7E-475F-BFC5-6B1FDC17FA85}.Release|Any CPU.Build.0 = Release|Any CPU
		{3A014CA8-D38A-4E8F-A183-2978C64D0B7B}.Debug|Any CPU.ActiveCfg = Debug|Any CPU
		{3A014CA8-D38A-4E8F-A183-2978C64D0B7B}.Debug|Any CPU.Build.0 = Debug|Any CPU
		{3A014CA8-D38A-4E8F-A183-2978C64D0B7B}.Release|Any CPU.ActiveCfg = Release|Any CPU
		{3A014CA8-D38A-4E8F-A183-2978C64D0B7B}.Release|Any CPU.Build.0 = Release|Any CPU
		{6770AFAD-4182-43E4-A2CE-AA18EA7CB1F7}.Debug|Any CPU.ActiveCfg = Debug|Any CPU
		{6770AFAD-4182-43E4-A2CE-AA18EA7CB1F7}.Debug|Any CPU.Build.0 = Debug|Any CPU
		{6770AFAD-4182-43E4-A2CE-AA18EA7CB1F7}.Release|Any CPU.ActiveCfg = Release|Any CPU
		{6770AFAD-4182-43E4-A2CE-AA18EA7CB1F7}.Release|Any CPU.Build.0 = Release|Any CPU
	EndGlobalSection
	GlobalSection(SolutionProperties) = preSolution
		HideSolutionNode = FALSE
	EndGlobalSection
	GlobalSection(ExtensibilityGlobals) = postSolution
		SolutionGuid = {205BF456-EE82-4DC3-8E2C-FDC6C14DB38B}
	EndGlobalSection
EndGlobal
